
Microsoft Visual Studio Solution File, Format Version 12.00
# Visual Studio Version 17
VisualStudioVersion = 17.7.34031.279
MinimumVisualStudioVersion = 10.0.40219.1
Project("{9A19103F-16F7-4668-BE54-9A1E7A4F7556}") = "Customers.API", "Customers.API\Customers.API.csproj", "{0EA7302D-6C91-4F9E-AE19-63291C879223}"
EndProject
Project("{FAE04EC0-301F-11D3-BF4B-00C04F79EFBC}") = "ATM", "ATM\ATM.csproj", "{4F7157FD-AF72-4989-995A-7BEA51D35FE1}"
EndProject
Global
	GlobalSection(SolutionConfigurationPlatforms) = preSolution
		Debug|Any CPU = Debug|Any CPU
		Release|Any CPU = Release|Any CPU
	EndGlobalSection
	GlobalSection(ProjectConfigurationPlatforms) = postSolution
		{0EA7302D-6C91-4F9E-AE19-63291C879223}.Debug|Any CPU.ActiveCfg = Debug|Any CPU
		{0EA7302D-6C91-4F9E-AE19-63291C879223}.Debug|Any CPU.Build.0 = Debug|Any CPU
		{0EA7302D-6C91-4F9E-AE19-63291C879223}.Release|Any CPU.ActiveCfg = Release|Any CPU
		{0EA7302D-6C91-4F9E-AE19-63291C879223}.Release|Any CPU.Build.0 = Release|Any CPU
		{4F7157FD-AF72-4989-995A-7BEA51D35FE1}.Debug|Any CPU.ActiveCfg = Debug|Any CPU
		{4F7157FD-AF72-4989-995A-7BEA51D35FE1}.Debug|Any CPU.Build.0 = Debug|Any CPU
		{4F7157FD-AF72-4989-995A-7BEA51D35FE1}.Release|Any CPU.ActiveCfg = Release|Any CPU
		{4F7157FD-AF72-4989-995A-7BEA51D35FE1}.Release|Any CPU.Build.0 = Release|Any CPU
	EndGlobalSection
	GlobalSection(SolutionProperties) = preSolution
		HideSolutionNode = FALSE
	EndGlobalSection
	GlobalSection(ExtensibilityGlobals) = postSolution
		SolutionGuid = {1EEE2FBC-DE33-488A-9177-DEE6FA8B9663}
	EndGlobalSection
EndGlobal
